{
  "name": "acme-textutil-plugin",
  "version": "1.0.0",
  "lockfileVersion": 3,
  "requires": true,
  "packages": {
    "": {
      "name": "acme-textutil-plugin",
      "version": "1.0.0",
      "dependencies": {
        "@uar/plugin-sdk": "file:../../../plugin-sdks/typescript"
      }
    },
    "../../../plugin-sdks/typescript": {
      "name": "@uar/plugin-sdk",
      "version": "0.7.0",
      "dependencies": {
        "@grpc/grpc-js": "1.14.5",
        "@grpc/proto-loader": "0.8.1"
      },
      "engines": {
        "node": ">=18"
      }
    },
    "node_modules/@uar/plugin-sdk": {
      "resolved": "../../../plugin-sdks/typescript",
      "link": true
    }
  }
}
